
Microsoft Visual Studio Solution File, Format Version 12.00
# Visual Studio Version 17
VisualStudioVersion = 17.0.31808.319
MinimumVisualStudioVersion = 10.0.40219.1
Project("{9A19103F-16F7-4668-BE54-9A1E7A4F7556}") = "PiServerSide.WebApi", "PiServerSide.WebApi\PiServerSide.WebApi.csproj", "{77F3C977-18D7-45D9-8548-A7277D5795F7}"
EndProject
Project("{9A19103F-16F7-4668-BE54-9A1E7A4F7556}") = "PiServerSide.BlazorUI", "PiServerSide.BlazorUI\PiServerSide.BlazorUI.csproj", "{8D42D41D-23B8-4137-93C8-3EE5B46D3C81}"
EndProject
Project("{FAE04EC0-301F-11D3-BF4B-00C04F79EFBC}") = "PiServerSide.Tests", "PiServerSide.Tests\PiServerSide.Tests.csproj", "{FA016495-B6D6-4608-9EEA-A091991F01E1}"
EndProject
Global
	GlobalSection(SolutionConfigurationPlatforms) = preSolution
		Debug|Any CPU = Debug|Any CPU
		Release|Any CPU = Release|Any CPU
	EndGlobalSection
	GlobalSection(ProjectConfigurationPlatforms) = postSolution
		{77F3C977-18D7-45D9-8548-A7277D5795F7}.Debug|Any CPU.ActiveCfg = Debug|Any CPU
		{77F3C977-18D7-45D9-8548-A7277D5795F7}.Debug|Any CPU.Build.0 = Debug|Any CPU
		{77F3C977-18D7-45D9-8548-A7277D5795F7}.Release|Any CPU.ActiveCfg = Release|Any CPU
		{77F3C977-18D7-45D9-8548-A7277D5795F7}.Release|Any CPU.Build.0 = Release|Any CPU
		{8D42D41D-23B8-4137-93C8-3EE5B46D3C81}.Debug|Any CPU.ActiveCfg = Debug|Any CPU
		{8D42D41D-23B8-4137-93C8-3EE5B46D3C81}.Debug|Any CPU.Build.0 = Debug|Any CPU
		{8D42D41D-23B8-4137-93C8-3EE5B46D3C81}.Release|Any CPU.ActiveCfg = Release|Any CPU
		{8D42D41D-23B8-4137-93C8-3EE5B46D3C81}.Release|Any CPU.Build.0 = Release|Any CPU
		{FA016495-B6D6-4608-9EEA-A091991F01E1}.Debug|Any CPU.ActiveCfg = Debug|Any CPU
		{FA016495-B6D6-4608-9EEA-A091991F01E1}.Debug|Any CPU.Build.0 = Debug|Any CPU
		{FA016495-B6D6-4608-9EEA-A091991F01E1}.Release|Any CPU.ActiveCfg = Release|Any CPU
		{FA016495-B6D6-4608-9EEA-A091991F01E1}.Release|Any CPU.Build.0 = Release|Any CPU
	EndGlobalSection
	GlobalSection(SolutionProperties) = preSolution
		HideSolutionNode = FALSE
	EndGlobalSection
	GlobalSection(ExtensibilityGlobals) = postSolution
		SolutionGuid = {0AB0C020-CACB-4853-90D2-63A66380D763}
	EndGlobalSection
EndGlobal
